# rubric.lock — managed by `cargo rubric accept`. Do not edit by hand.
# Format: <requirement_label>\t<item_path>\t<origin>\t<seal>
# <origin> is `annotation` or `declared`.
# <seal> is `<scheme>:<hex>` (e.g. `body:a3f2b1c8`, `stmt:...`) or `off`.

TMR-1	<statement>	declared	stmt:d04830e6afe01546
TMR-1	crate::Tmr::vote	annotation	body:d1d526c86c8f6546
TMR-1	crate::tests::agreement_wins	annotation	body:470881947b906e95
TMR-1	tests::integration::unanimous_channels	annotation	body:0d6741a74c8f41eb
TMR-2	<statement>	declared	stmt:ea68d8374420af40
TMR-2	crate::tests::order_independent	annotation	body:6473c73a4a757ce0
