# rubric.lock — managed by `cargo rubric accept`. Do not edit by hand.
# Format: <requirement_label>\t<item_path>\t<origin>\t<seal>
# <origin> is `annotation` or `declared`.
# <seal> is `<scheme>:<hex>` (e.g. `body:a3f2b1c8`, `stmt:...`) or `off`.

CHECK-COVER	<attest>	declared	attest:fb8ed4037468aa2f
CHECK-COVER	<statement>	declared	stmt:338c982c03b0a245
CHECK-COVER	crate::check::check	annotation	body:1f2da4c9184d9c28
CHECK-COVER	crate::check::tests::covered_drift_is_sealbroken_not_uncovered	annotation	body:8719f2ac4895d6b3
CHECK-COVER	crate::check::tests::uncovered_fires_for_new_pub	annotation	body:c4d2a560c7447702
CHECK-COVERAGE	<attest>	declared	attest:ee9955415f899612
CHECK-COVERAGE	<statement>	declared	stmt:f082863b3ec17846
CHECK-COVERAGE	crate::check::check	annotation	body:1f2da4c9184d9c28
CHECK-COVERAGE	crate::check::tests::external_verifier_is_not_dead	annotation	body:3e2d5f200c152d47
CHECK-COVERAGE	crate::check::tests::missing_satisfier	annotation	body:0bd5a5b18d343ed5
CHECK-COVERAGE	crate::check::tests::missing_verifier	annotation	body:e31fb111ca25f917
CHECK-EXTSEAL	<attest>	declared	attest:7d978e82babf8270
CHECK-EXTSEAL	<statement>	declared	stmt:91ddb7c3479d919b
CHECK-EXTSEAL	crate::check::check	annotation	body:1f2da4c9184d9c28
CHECK-EXTSEAL	crate::check::tests::full_seal_with_only_external_legs_is_a_mismatch	annotation	body:dfd7ee803ae5e923
CHECK-KIND	<attest>	declared	attest:e737ad8520ee9a6e
CHECK-KIND	<statement>	declared	stmt:e6ebf0b842be9d6d
CHECK-KIND	crate::check::check	annotation	body:1f2da4c9184d9c28
CHECK-KIND	crate::check::tests::kind_violation_satisfies_on_invariant	annotation	body:e9304f2c4a5bb8ca
CHECK-LIVE	<attest>	declared	attest:4372af72eb84a6fb
CHECK-LIVE	<statement>	declared	stmt:9e4e7fe02d927c6a
CHECK-LIVE	crate::check::check	annotation	body:1f2da4c9184d9c28
CHECK-LIVE	crate::check::tests::dead_verifier_when_ignored	annotation	body:1a5576feb5712046
CHECK-LIVE	crate::check::tests::dead_verifier_when_not_a_test	annotation	body:5e46f44fa4e631cd
CHECK-MISPLACED	<attest>	declared	attest:d7c8142551ef81c2
CHECK-MISPLACED	<statement>	declared	stmt:66e0f2c3bc9a681e
CHECK-MISPLACED	crate::check::check	annotation	body:1f2da4c9184d9c28
CHECK-MISPLACED	crate::check::tests::satisfies_annotation_on_non_fn_is_misplaced	annotation	body:50804f41561478ff
CHECK-ORPHAN	<attest>	declared	attest:478a1152f98ac6b5
CHECK-ORPHAN	<statement>	declared	stmt:96f10b8e69f6d40d
CHECK-ORPHAN	crate::check::check	annotation	body:1f2da4c9184d9c28
CHECK-ORPHAN	crate::check::tests::orphan_annotation	annotation	body:84e7b96e65e6d972
CHECK-RECONCILE	<attest>	declared	attest:86eb071ab296a911
CHECK-RECONCILE	<statement>	declared	stmt:cefd2a34fd68e1dd
CHECK-RECONCILE	crate::check::attestation_root	annotation	body:b0961515a7791c77
CHECK-RECONCILE	crate::check::check	annotation	body:1f2da4c9184d9c28
CHECK-RECONCILE	crate::check::tests::root_changes_when_any_leg_changes	annotation	body:098e72f39169d038
CHECK-RECONCILE	crate::check::tests::unreconciled_until_attest_records_the_root	annotation	body:42bce045a9df4ace
CHECK-RESOLVE	<attest>	declared	attest:8ae1f9dbb2af1fba
CHECK-RESOLVE	<statement>	declared	stmt:cdab0d7cc8643ed2
CHECK-RESOLVE	crate::check::check	annotation	body:1f2da4c9184d9c28
CHECK-RESOLVE	crate::check::tests::unresolved_path	annotation	body:824dc01d35a83dcd
CHECK-SEAL	<attest>	declared	attest:f50a957ac401a717
CHECK-SEAL	<statement>	declared	stmt:7900a3418172ee32
CHECK-SEAL	crate::check::check	annotation	body:1f2da4c9184d9c28
CHECK-SEAL	crate::check::tests::broken_body_seal	annotation	body:064b46a0e65a7ff0
CHECK-SEAL	crate::check::tests::broken_statement_seal	annotation	body:be9bcb311a0c86a6
CHECK-SEALMODE	<attest>	declared	attest:bdddf22350987f22
CHECK-SEALMODE	<statement>	declared	stmt:0146e4f946144cdd
CHECK-SEALMODE	crate::check::check	annotation	body:1f2da4c9184d9c28
CHECK-SEALMODE	crate::check::tests::body_seal_on_a_bodyless_item_is_a_mismatch	annotation	body:5aba36e2b9df1375
POINTCUT-MATCH	<attest>	declared	attest:396b6f1d3de2c8ee
POINTCUT-MATCH	<statement>	declared	stmt:86bbcdd41b48f89b
POINTCUT-MATCH	crate::pointcut::Pointcut::matches	annotation	body:76821b4cff415d7b
POINTCUT-MATCH	crate::pointcut::tests::matches_pub_fn_in_scope_only	annotation	body:80221d52719e94e9
POINTCUT-MATCH	crate::pointcut::tests::pub_crate_predicate_includes_pub	annotation	body:b7a9111dd4f3b83f
POINTCUT-MATCH	crate::pointcut::tests::scope_matches_exact_path	annotation	body:5c1f70098ae32008
POINTCUT-PARSE	<attest>	declared	attest:067615bf7e6ebb9d
POINTCUT-PARSE	<statement>	declared	stmt:aea00cf54499b62a
POINTCUT-PARSE	crate::pointcut::parse	annotation	body:b86b1c6d3ec17941
POINTCUT-PARSE	crate::pointcut::tests::item_keyword_is_any_kind	annotation	body:d715f9e5561ef82f
POINTCUT-PARSE	crate::pointcut::tests::parses_vis_kind_scope	annotation	body:c80cf17b77848099
POINTCUT-PARSE	crate::pointcut::tests::parses_without_kind_and_strips_wildcard	annotation	body:826ebc0e68094a65
POINTCUT-PARSE	crate::pointcut::tests::rejects_garbage	annotation	body:b124859788b7e44c
SEAL-BODY	<attest>	declared	attest:37ca91b4f45a1b34
SEAL-BODY	<statement>	declared	stmt:42ff0add37da5af9
SEAL-BODY	crate::normalize::body_from_tokens	annotation	body:a9c8c326a30e70a6
SEAL-BODY	crate::normalize::tests::body_is_reformatting_invariant	annotation	body:de96cfea645ecfb9
SEAL-BODY	crate::normalize::tests::body_token_change_changes_form	annotation	body:5cb7ff5ee58d281c
SEAL-FILE	<attest>	declared	attest:5c74571beb0090e4
SEAL-FILE	<statement>	declared	stmt:a5eb117bea08a473
SEAL-FILE	crate::hash::file_seal	annotation	body:2c5ded84583f3a3a
SEAL-FILE	crate::hash::tests::file_seal_hashes_raw_bytes	annotation	body:220479d0a113d4a3
SEAL-FORMAT	<attest>	declared	attest:fa4b67872c25a74d
SEAL-FORMAT	<statement>	declared	stmt:fec2518d58cd9e25
SEAL-FORMAT	crate::hash::seal	annotation	body:66ab0f7be559095c
SEAL-FORMAT	crate::hash::tests::format_is_scheme_colon_hex16	annotation	body:bfc32c49ca50c694
SEAL-HASH	<attest>	declared	attest:5f8e2297f5db09af
SEAL-HASH	<statement>	declared	stmt:adcb92daef54e58f
SEAL-HASH	crate::fnv::fnv1a_64	annotation	body:beabe207c767a69a
SEAL-HASH	crate::fnv::tests::deterministic_across_calls	annotation	body:48e30c623e263243
SEAL-HASH	crate::fnv::tests::known_vector_a	annotation	body:948dafd39cdbd107
SEAL-SIG	<attest>	declared	attest:6aeba6f8173acf0d
SEAL-SIG	<statement>	declared	stmt:81273d03e3e6e7af
SEAL-SIG	crate::hash::full_seal	annotation	body:c20a63c3feaede3f
SEAL-SIG	crate::hash::signature_seal	annotation	body:2e6f6658605bf007
SEAL-SIG	crate::hash::tests::full_seal_trips_on_signature_or_body	annotation	body:30de35cc4dee7f5e
SEAL-SIG	crate::hash::tests::sig_and_full_carry_their_schemes	annotation	body:ef6148a90d248bfc
SEAL-STMT	<attest>	declared	attest:7a9252290d23b5b0
SEAL-STMT	<statement>	declared	stmt:5df263b1a5417213
SEAL-STMT	crate::normalize::statement	annotation	body:cc951caada1d5f84
SEAL-STMT	crate::normalize::tests::statement_collapses_whitespace	annotation	body:c901d32f4ca8d3d3
SEAL-STMT	crate::normalize::tests::statement_reword_changes_form	annotation	body:431bac13f76f1eca
