# rubric.lock — managed by `cargo rubric seal`. Do not edit by hand.
# Format: <requirement_label>	<item_path>	<seal_value>
# <seal_value> is either `<scheme>:<hex>` (e.g. `body:a3f2b1c8`) or `off`.

seal::off_is_explicit	cargo_rubric::seal::run	body:1105ed4f9f483504
seal::off_is_explicit	cargo_rubric::seal::tests::preserves_off_entry_across_re_seal	body:e90abd20d3e1c357
seal::update_lockfile	cargo_rubric::seal::run	body:1105ed4f9f483504
seal::update_lockfile	cargo_rubric::seal::tests::writes_lockfile_with_hash_per_site	body:f5fc1515fea85316
check::detect_orphan	cargo_rubric::check::run	body:85662ece4fdcc8bd
check::detect_orphan	cargo_rubric::check::tests::orphan_when_label_unknown	body:fc2d6d62cfec693e
check::detect_unimplemented	cargo_rubric::check::run	body:85662ece4fdcc8bd
check::detect_unimplemented	cargo_rubric::check::tests::unimplemented_when_no_satisfies	body:756e77329061441b
check::detect_unverified	cargo_rubric::check::run	body:85662ece4fdcc8bd
check::detect_unverified	cargo_rubric::check::tests::unverified_when_no_verifies	body:acbb9c14dc2d0165
check::nonzero_on_gaps	cargo_rubric::check::run	body:85662ece4fdcc8bd
check::nonzero_on_gaps	cargo_rubric::check::tests::report_surfaces_gaps_for_ci	body:d52c353c0238bf7c
gen::detect_drift	cargo_rubric::gen::run	body:df9c54ace4549cd7
gen::detect_drift	cargo_rubric::gen::tests::gen_check_fails_when_output_is_stale	body:99d65ce55e576e9f
gen::render_marker_module	cargo_rubric::gen::run	body:df9c54ace4549cd7
gen::render_marker_module	cargo_rubric::gen::tests::gen_writes_marker_module_from_manifest	body:b03cdcf3bc355a7a
matrix::render_markdown	cargo_rubric::matrix::run	body:107f66cb04bb138f
matrix::render_markdown	cargo_rubric::matrix::tests::render_produces_one_row_per_requirement	body:aa042bf9c6de4a40
